
Microsoft Visual Studio Solution File, Format Version 12.00
# Visual Studio 2012
Project("{FAE04EC0-301F-11D3-BF4B-00C04F79EFBC}") = "NetTestServer", "NetTestServer\NetTestServer.csproj", "{B83D975A-732F-49A3-BA5D-857290EC4E87}"
EndProject
Project("{FAE04EC0-301F-11D3-BF4B-00C04F79EFBC}") = "NetTestModel", "NetTestModel\NetTestModel.csproj", "{5899A67F-63C2-40C2-84E1-D70FA9E4473E}"
EndProject
Project("{FAE04EC0-301F-11D3-BF4B-00C04F79EFBC}") = "NetTestDAL", "NetTestDAL\NetTestDAL.csproj", "{E449DB9B-DAA9-4893-AB28-B31AA3266EE4}"
EndProject
Project("{FAE04EC0-301F-11D3-BF4B-00C04F79EFBC}") = "NetTestBLL", "NetTestBLL\NetTestBLL.csproj", "{D63AFA39-0AC9-4957-BAEF-42041EA2D859}"
EndProject
Global
	GlobalSection(SolutionConfigurationPlatforms) = preSolution
		Debug|Any CPU = Debug|Any CPU
		Release|Any CPU = Release|Any CPU
	EndGlobalSection
	GlobalSection(ProjectConfigurationPlatforms) = postSolution
		{B83D975A-732F-49A3-BA5D-857290EC4E87}.Debug|Any CPU.ActiveCfg = Debug|Any CPU
		{B83D975A-732F-49A3-BA5D-857290EC4E87}.Debug|Any CPU.Build.0 = Debug|Any CPU
		{B83D975A-732F-49A3-BA5D-857290EC4E87}.Release|Any CPU.ActiveCfg = Release|Any CPU
		{B83D975A-732F-49A3-BA5D-857290EC4E87}.Release|Any CPU.Build.0 = Release|Any CPU
		{5899A67F-63C2-40C2-84E1-D70FA9E4473E}.Debug|Any CPU.ActiveCfg = Debug|Any CPU
		{5899A67F-63C2-40C2-84E1-D70FA9E4473E}.Debug|Any CPU.Build.0 = Debug|Any CPU
		{5899A67F-63C2-40C2-84E1-D70FA9E4473E}.Release|Any CPU.ActiveCfg = Release|Any CPU
		{5899A67F-63C2-40C2-84E1-D70FA9E4473E}.Release|Any CPU.Build.0 = Release|Any CPU
		{E449DB9B-DAA9-4893-AB28-B31AA3266EE4}.Debug|Any CPU.ActiveCfg = Debug|Any CPU
		{E449DB9B-DAA9-4893-AB28-B31AA3266EE4}.Debug|Any CPU.Build.0 = Debug|Any CPU
		{E449DB9B-DAA9-4893-AB28-B31AA3266EE4}.Release|Any CPU.ActiveCfg = Release|Any CPU
		{E449DB9B-DAA9-4893-AB28-B31AA3266EE4}.Release|Any CPU.Build.0 = Release|Any CPU
		{D63AFA39-0AC9-4957-BAEF-42041EA2D859}.Debug|Any CPU.ActiveCfg = Debug|Any CPU
		{D63AFA39-0AC9-4957-BAEF-42041EA2D859}.Debug|Any CPU.Build.0 = Debug|Any CPU
		{D63AFA39-0AC9-4957-BAEF-42041EA2D859}.Release|Any CPU.ActiveCfg = Release|Any CPU
		{D63AFA39-0AC9-4957-BAEF-42041EA2D859}.Release|Any CPU.Build.0 = Release|Any CPU
	EndGlobalSection
	GlobalSection(SolutionProperties) = preSolution
		HideSolutionNode = FALSE
	EndGlobalSection
EndGlobal
